
Microsoft Visual Studio Solution File, Format Version 12.00
# Visual Studio Version 17
VisualStudioVersion = 17.8.34330.188
MinimumVisualStudioVersion = 10.0.40219.1
Project("{8BC9CEB8-8B4A-11D0-8D11-00A0C91BC942}") = "SocialNetwork4", "SocialNetwork4\SocialNetwork4.vcxproj", "{34F14391-5B4D-426F-BADE-3487A62CE48D}"
EndProject
Global
	GlobalSection(SolutionConfigurationPlatforms) = preSolution
		Debug|x64 = Debug|x64
		Debug|x86 = Debug|x86
		Release|x64 = Release|x64
		Release|x86 = Release|x86
	EndGlobalSection
	GlobalSection(ProjectConfigurationPlatforms) = postSolution
		{34F14391-5B4D-426F-BADE-3487A62CE48D}.Debug|x64.ActiveCfg = Debug|x64
		{34F14391-5B4D-426F-BADE-3487A62CE48D}.Debug|x64.Build.0 = Debug|x64
		{34F14391-5B4D-426F-BADE-3487A62CE48D}.Debug|x86.ActiveCfg = Debug|Win32
		{34F14391-5B4D-426F-BADE-3487A62CE48D}.Debug|x86.Build.0 = Debug|Win32
		{34F14391-5B4D-426F-BADE-3487A62CE48D}.Release|x64.ActiveCfg = Release|x64
		{34F14391-5B4D-426F-BADE-3487A62CE48D}.Release|x64.Build.0 = Release|x64
		{34F14391-5B4D-426F-BADE-3487A62CE48D}.Release|x86.ActiveCfg = Release|Win32
		{34F14391-5B4D-426F-BADE-3487A62CE48D}.Release|x86.Build.0 = Release|Win32
	EndGlobalSection
	GlobalSection(SolutionProperties) = preSolution
		HideSolutionNode = FALSE
	EndGlobalSection
	GlobalSection(ExtensibilityGlobals) = postSolution
		SolutionGuid = {1A16E866-B509-492E-832E-E42A31BCD518}
	EndGlobalSection
EndGlobal
